// !$*UTF8*$!
{
	archiveVersion = 1;
	classes = {
	};
	objectVersion = 46;
	objects = {

/* Begin PBXBuildFile section */
		965695561C5817FA0060D7F0 /* AppDelegate.swift in Sources */ = {isa = PBXBuildFile; fileRef = 965695551C5817FA0060D7F0 /* AppDelegate.swift */; };
		965695581C5817FA0060D7F0 /* ViewController.swift in Sources */ = {isa = PBXBuildFile; fileRef = 965695571C5817FA0060D7F0 /* ViewController.swift */; };
		9656955B1C5817FA0060D7F0 /* Main.storyboard in Resources */ = {isa = PBXBuildFile; fileRef = 965695591C5817FA0060D7F0 /* Main.storyboard */; };
		9656955D1C5817FA0060D7F0 /* Assets.xcassets in Resources */ = {isa = PBXBuildFile; fileRef = 9656955C1C5817FA0060D7F0 /* Assets.xcassets */; };
		965695601C5817FA0060D7F0 /* LaunchScreen.storyboard in Resources */ = {isa = PBXBuildFile; fileRef = 9656955E1C5817FA0060D7F0 /* LaunchScreen.storyboard */; };
/* End PBXBuildFile section */

/* Begin PBXFileReference section */
		965695521C5817FA0060D7F0 /* Podcastic.app */ = {isa = PBXFileReference; explicitFileType = wrapper.application; includeInIndex = 0; path = Podcastic.app; sourceTree = BUILT_PRODUCTS_DIR; };
		965695551C5817FA0060D7F0 /* AppDelegate.swift */ = {isa = PBXFileReference; lastKnownFileType = sourcecode.swift; path = AppDelegate.swift; sourceTree = "<group>"; };
		965695571C5817FA0060D7F0 /* ViewController.swift */ = {isa = PBXFileReference; lastKnownFileType = sourcecode.swift; path = ViewController.swift; sourceTree = "<group>"; };
		9656955A1C5817FA0060D7F0 /* Base */ = {isa = PBXFileReference; lastKnownFileType = file.storyboard; name = Base; path = Base.lproj/Main.storyboard; sourceTree = "<group>"; };
		9656955C1C5817FA0060D7F0 /* Assets.xcassets */ = {isa = PBXFileReference; lastKnownFileType = folder.assetcatalog; path = Assets.xcassets; sourceTree = "<group>"; };
		9656955F1C5817FA0060D7F0 /* Base */ = {isa = PBXFileReference; lastKnownFileType = file.storyboard; name = Base; path = Base.lproj/LaunchScreen.storyboard; sourceTree = "<group>"; };
		965695611C5817FA0060D7F0 /* Info.plist */ = {isa = PBXFileReference; lastKnownFileType = text.plist.xml; path = Info.plist; sourceTree = "<group>"; };
/* End PBXFileReference section */

/* Begin PBXFrameworksBuildPhase section */
		9656954F1C5817FA0060D7F0 /* Frameworks */ = {
			isa = PBXFrameworksBuildPhase;
			buildActionMask = 2147483647;
			files = (
			);
			runOnlyForDeploymentPostprocessing = 0;
		};
/* End PBXFrameworksBuildPhase section */

/* Begin PBXGroup section */
		965695491C5817FA0060D7F0 = {
			isa = PBXGroup;
			children = (
				965695541C5817FA0060D7F0 /* Podcastic */,
				965695531C5817FA0060D7F0 /* Products */,
			);
			sourceTree = "<group>";
		};
		965695531C5817FA0060D7F0 /* Products */ = {
			isa = PBXGroup;
			children = (
				965695521C5817FA0060D7F0 /* Podcastic.app */,
			);
			name = Products;
			sourceTree = "<group>";
		};
		965695541C5817FA0060D7F0 /* Podcastic */ = {
			isa = PBXGroup;
			children = (
				965695551C5817FA0060D7F0 /* AppDelegate.swift */,
				965695571C5817FA0060D7F0 /* ViewController.swift */,
				965695591C5817FA0060D7F0 /* Main.storyboard */,
				9656955C1C5817FA0060D7F0 /* Assets.xcassets */,
				9656955E1C5817FA0060D7F0 /* LaunchScreen.storyboard */,
				965695611C5817FA0060D7F0 /* Info.plist */,
			);
			path = Podcastic;
			sourceTree = "<group>";
		};
/* End PBXGroup section */

/* Begin PBXNativeTarget section */
		965695511C5817FA0060D7F0 /* Podcastic */ = {
			isa = PBXNativeTarget;
			buildConfigurationList = 965695641C5817FA0060D7F0 /* Build configuration list for PBXNativeTarget "Podcastic" */;
			buildPhases = (
				9656954E1C5817FA0060D7F0 /* Sources */,
				9656954F1C5817FA0060D7F0 /* Frameworks */,
				965695501C5817FA0060D7F0 /* Resources */,
			);
			buildRules = (
			);
			dependencies = (
			);
			name = Podcastic;
			productName = Podcastic;
			productReference = 965695521C5817FA0060D7F0 /* Podcastic.app */;
			productType = "com.apple.product-type.application";
		};
/* End PBXNativeTarget section */

/* Begin PBXProject section */
		9656954A1C5817FA0060D7F0 /* Project object */ = {
			isa = PBXProject;
			attributes = {
				LastSwiftUpdateCheck = 0720;
				LastUpgradeCheck = 0720;
				ORGANIZATIONNAME = Jason;
				TargetAttributes = {
					965695511C5817FA0060D7F0 = {
						CreatedOnToolsVersion = 7.2;
					};
				};
			};
			buildConfigurationList = 9656954D1C5817FA0060D7F0 /* Build configuration list for PBXProject "Podcastic" */;
			compatibilityVersion = "Xcode 3.2";
			developmentRegion = English;
			hasScannedForEncodings = 0;
			knownRegions = (
				en,
				Base,
			);
			mainGroup = 965695491C5817FA0060D7F0;
			productRefGroup = 965695531C5817FA0060D7F0 /* Products */;
			projectDirPath = "";
			projectRoot = "";
			targets = (
				965695511C5817FA0060D7F0 /* Podcastic */,
			);
		};
/* End PBXProject section */

/* Begin PBXResourcesBuildPhase section */
		965695501C5817FA0060D7F0 /* Resources */ = {
			isa = PBXResourcesBuildPhase;
			buildActionMask = 2147483647;
			files = (
				965695601C5817FA0060D7F0 /* LaunchScreen.storyboard in Resources */,
				9656955D1C5817FA0060D7F0 /* Assets.xcassets in Resources */,
				9656955B1C5817FA0060D7F0 /* Main.storyboard in Resources */,
			);
			runOnlyForDeploymentPostprocessing = 0;
		};
/* End PBXResourcesBuildPhase section */

/* Begin PBXSourcesBuildPhase section */
		9656954E1C5817FA0060D7F0 /* Sources */ = {
			isa = PBXSourcesBuildPhase;
			buildActionMask = 2147483647;
			files = (
				965695581C5817FA0060D7F0 /* ViewController.swift in Sources */,
				965695561C5817FA0060D7F0 /* AppDelegate.swift in Sources */,
			);
			runOnlyForDeploymentPostprocessing = 0;
		};
/* End PBXSourcesBuildPhase section */

/* Begin PBXVariantGroup section */
		965695591C5817FA0060D7F0 /* Main.storyboard */ = {
			isa = PBXVariantGroup;
			children = (
				9656955A1C5817FA0060D7F0 /* Base */,
			);
			name = Main.storyboard;
			sourceTree = "<group>";
		};
		9656955E1C5817FA0060D7F0 /* LaunchScreen.storyboard */ = {
			isa = PBXVariantGroup;
			children = (
				9656955F1C5817FA0060D7F0 /* Base */,
			);
			name = LaunchScreen.storyboard;
			sourceTree = "<group>";
		};
/* End PBXVariantGroup section */

/* Begin XCBuildConfiguration section */
		965695621C5817FA0060D7F0 /* Debug */ = {
			isa = XCBuildConfiguration;
			buildSettings = {
				ALWAYS_SEARCH_USER_PATHS = NO;
				CLANG_CXX_LANGUAGE_STANDARD = "gnu++0x";
				CLANG_CXX_LIBRARY = "libc++";
				CLANG_ENABLE_MODULES = YES;
				CLANG_ENABLE_OBJC_ARC = YES;
				CLANG_WARN_BOOL_CONVERSION = YES;
				CLANG_WARN_CONSTANT_CONVERSION = YES;
				CLANG_WARN_DIRECT_OBJC_ISA_USAGE = YES_ERROR;
				CLANG_WARN_EMPTY_BODY = YES;
				CLANG_WARN_ENUM_CONVERSION = YES;
				CLANG_WARN_INT_CONVERSION = YES;
				CLANG_WARN_OBJC_ROOT_CLASS = YES_ERROR;
				CLANG_WARN_UNREACHABLE_CODE = YES;
				CLANG_WARN__DUPLICATE_METHOD_MATCH = YES;
				"CODE_SIGN_IDENTITY[sdk=iphoneos*]" = "iPhone Developer";
				COPY_PHASE_STRIP = NO;
				DEBUG_INFORMATION_FORMAT = dwarf;
				ENABLE_STRICT_OBJC_MSGSEND = YES;
				ENABLE_TESTABILITY = YES;
				GCC_C_LANGUAGE_STANDARD = gnu99;
				GCC_DYNAMIC_NO_PIC = NO;
				GCC_NO_COMMON_BLOCKS = YES;
				GCC_OPTIMIZATION_LEVEL = 0;
				GCC_PREPROCESSOR_DEFINITIONS = (
					"DEBUG=1",
					"$(inherited)",
				);
				GCC_WARN_64_TO_32_BIT_CONVERSION = YES;
				GCC_WARN_ABOUT_RETURN_TYPE = YES_ERROR;
				GCC_WARN_UNDECLARED_SELECTOR = YES;
				GCC_WARN_UNINITIALIZED_AUTOS = YES_AGGRESSIVE;
				GCC_WARN_UNUSED_FUNCTION = YES;
				GCC_WARN_UNUSED_VARIABLE = YES;
				IPHONEOS_DEPLOYMENT_TARGET = 9.2;
				MTL_ENABLE_DEBUG_INFO = YES;
				ONLY_ACTIVE_ARCH = YES;
				SDKROOT = iphoneos;
				SWIFT_OPTIMIZATION_LEVEL = "-Onone";
				TARGETED_DEVICE_FAMILY = "1,2";
			};
			name = Debug;
		};
		965695631C5817FA0060D7F0 /* Release */ = {
			isa = XCBuildConfiguration;
			buildSettings = {
				ALWAYS_SEARCH_USER_PATHS = NO;
				CLANG_CXX_LANGUAGE_STANDARD = "gnu++0x";
				CLANG_CXX_LIBRARY = "libc++";
				CLANG_ENABLE_MODULES = YES;
				CLANG_ENABLE_OBJC_ARC = YES;
				CLANG_WARN_BOOL_CONVERSION = YES;
				CLANG_WARN_CONSTANT_CONVERSION = YES;
				CLANG_WARN_DIRECT_OBJC_ISA_USAGE = YES_ERROR;
				CLANG_WARN_EMPTY_BODY = YES;
				CLANG_WARN_ENUM_CONVERSION = YES;
				CLANG_WARN_INT_CONVERSION = YES;
				CLANG_WARN_OBJC_ROOT_CLASS = YES_ERROR;
				CLANG_WARN_UNREACHABLE_CODE = YES;
				CLANG_WARN__DUPLICATE_METHOD_MATCH = YES;
				"CODE_SIGN_IDENTITY[sdk=iphoneos*]" = "iPhone Developer";
				COPY_PHASE_STRIP = NO;
				DEBUG_INFORMATION_FORMAT = "dwarf-with-dsym";
				ENABLE_NS_ASSERTIONS = NO;
				ENABLE_STRICT_OBJC_MSGSEND = YES;
				GCC_C_LANGUAGE_STANDARD = gnu99;
				GCC_NO_COMMON_BLOCKS = YES;
				GCC_WARN_64_TO_32_BIT_CONVERSION = YES;
				GCC_WARN_ABOUT_RETURN_TYPE = YES_ERROR;
				GCC_WARN_UNDECLARED_SELECTOR = YES;
				GCC_WARN_UNINITIALIZED_AUTOS = YES_AGGRESSIVE;
				GCC_WARN_UNUSED_FUNCTION = YES;
				GCC_WARN_UNUSED_VARIABLE = YES;
				IPHONEOS_DEPLOYMENT_TARGET = 9.2;
				MTL_ENABLE_DEBUG_INFO = NO;
				SDKROOT = iphoneos;
				TARGETED_DEVICE_FAMILY = "1,2";
				VALIDATE_PRODUCT = YES;
			};
			name = Release;
		};
		965695651C5817FA0060D7F0 /* Debug */ = {
			isa = XCBuildConfiguration;
			buildSettings = {
				ASSETCATALOG_COMPILER_APPICON_NAME = AppIcon;
				INFOPLIST_FILE = Podcastic/Info.plist;
				LD_RUNPATH_SEARCH_PATHS = "$(inherited) @executable_path/Frameworks";
				PRODUCT_BUNDLE_IDENTIFIER = com.jsonfan.Podcastic;
				PRODUCT_NAME = "$(TARGET_NAME)";
			};
			name = Debug;
		};
		965695661C5817FA0060D7F0 /* Release */ = {
			isa = XCBuildConfiguration;
			buildSettings = {
				ASSETCATALOG_COMPILER_APPICON_NAME = AppIcon;
				INFOPLIST_FILE = Podcastic/Info.plist;
				LD_RUNPATH_SEARCH_PATHS = "$(inherited) @executable_path/Frameworks";
				PRODUCT_BUNDLE_IDENTIFIER = com.jsonfan.Podcastic;
				PRODUCT_NAME = "$(TARGET_NAME)";
			};
			name = Release;
		};
/* End XCBuildConfiguration section */

/* Begin XCConfigurationList section */
		9656954D1C5817FA0060D7F0 /* Build configuration list for PBXProject "Podcastic" */ = {
			isa = XCConfigurationList;
			buildConfigurations = (
				965695621C5817FA0060D7F0 /* Debug */,
				965695631C5817FA0060D7F0 /* Release */,
			);
			defaultConfigurationIsVisible = 0;
			defaultConfigurationName = Release;
		};
		965695641C5817FA0060D7F0 /* Build configuration list for PBXNativeTarget "Podcastic" */ = {
			isa = XCConfigurationList;
			buildConfigurations = (
				965695651C5817FA0060D7F0 /* Debug */,
				965695661C5817FA0060D7F0 /* Release */,
			);
			defaultConfigurationIsVisible = 0;
		};
/* End XCConfigurationList section */
	};
	rootObject = 9656954A1C5817FA0060D7F0 /* Project object */;
}
